{
    "requires": true,
    "lockfileVersion": 1,
    "dependencies": {
        "caniuse-lite": {
            "version": "1.0.30000974",
            "resolved": "https://registry.npmjs.org/caniuse-lite/-/caniuse-lite-1.0.30000974.tgz",
            "integrity": "sha512-xc3rkNS/Zc3CmpMKuczWEdY2sZgx09BkAxfvkxlAEBTqcMHeL8QnPqhKse+5sRTi3nrw2pJwToD2WvKn1Uhvww=="
        }
    }
}
